
Microsoft Visual Studio Solution File, Format Version 12.00
# Visual Studio 15
VisualStudioVersion = 15.0.27428.2037
MinimumVisualStudioVersion = 10.0.40219.1
Project("{9A19103F-16F7-4668-BE54-9A1E7A4F7556}") = "SSL_Standard", "SSL_Standard\SSL_Standard.csproj", "{A454CD4D-ABDF-4FBD-BFCC-2451C0F6A27E}"
EndProject
Project("{FAE04EC0-301F-11D3-BF4B-00C04F79EFBC}") = "MemoryChallenge.Adapter", "MemoryChallenge.Adapter\MemoryChallenge.Adapter.csproj", "{D45F869F-3CB5-4A5F-B447-B4D07A5F58E3}"
EndProject
Project("{FAE04EC0-301F-11D3-BF4B-00C04F79EFBC}") = "MemoryChallenge.Client", "..\..\source\repos\MemoryChallenge\MemoryChallenge_Client\MemoryChallenge.Client.csproj", "{30C29DBE-05EA-42F5-B6A1-F929852468E5}"
EndProject
Project("{FAE04EC0-301F-11D3-BF4B-00C04F79EFBC}") = "MemoryChallenge.Server", "..\..\source\repos\MemoryChallenge\MemoryChallenge\MemoryChallenge.Server.csproj", "{B17D62D0-9714-4108-A862-E674971E8A96}"
EndProject
Global
	GlobalSection(SolutionConfigurationPlatforms) = preSolution
		Debug|Any CPU = Debug|Any CPU
		Release|Any CPU = Release|Any CPU
	EndGlobalSection
	GlobalSection(ProjectConfigurationPlatforms) = postSolution
		{A454CD4D-ABDF-4FBD-BFCC-2451C0F6A27E}.Debug|Any CPU.ActiveCfg = Debug|Any CPU
		{A454CD4D-ABDF-4FBD-BFCC-2451C0F6A27E}.Debug|Any CPU.Build.0 = Debug|Any CPU
		{A454CD4D-ABDF-4FBD-BFCC-2451C0F6A27E}.Release|Any CPU.ActiveCfg = Release|Any CPU
		{A454CD4D-ABDF-4FBD-BFCC-2451C0F6A27E}.Release|Any CPU.Build.0 = Release|Any CPU
		{D45F869F-3CB5-4A5F-B447-B4D07A5F58E3}.Debug|Any CPU.ActiveCfg = Debug|Any CPU
		{D45F869F-3CB5-4A5F-B447-B4D07A5F58E3}.Debug|Any CPU.Build.0 = Debug|Any CPU
		{D45F869F-3CB5-4A5F-B447-B4D07A5F58E3}.Release|Any CPU.ActiveCfg = Release|Any CPU
		{D45F869F-3CB5-4A5F-B447-B4D07A5F58E3}.Release|Any CPU.Build.0 = Release|Any CPU
		{30C29DBE-05EA-42F5-B6A1-F929852468E5}.Debug|Any CPU.ActiveCfg = Debug|Any CPU
		{30C29DBE-05EA-42F5-B6A1-F929852468E5}.Debug|Any CPU.Build.0 = Debug|Any CPU
		{30C29DBE-05EA-42F5-B6A1-F929852468E5}.Release|Any CPU.ActiveCfg = Release|Any CPU
		{30C29DBE-05EA-42F5-B6A1-F929852468E5}.Release|Any CPU.Build.0 = Release|Any CPU
		{B17D62D0-9714-4108-A862-E674971E8A96}.Debug|Any CPU.ActiveCfg = Debug|Any CPU
		{B17D62D0-9714-4108-A862-E674971E8A96}.Debug|Any CPU.Build.0 = Debug|Any CPU
		{B17D62D0-9714-4108-A862-E674971E8A96}.Release|Any CPU.ActiveCfg = Release|Any CPU
		{B17D62D0-9714-4108-A862-E674971E8A96}.Release|Any CPU.Build.0 = Release|Any CPU
	EndGlobalSection
	GlobalSection(SolutionProperties) = preSolution
		HideSolutionNode = FALSE
	EndGlobalSection
	GlobalSection(ExtensibilityGlobals) = postSolution
		SolutionGuid = {77BFF57E-CABF-473F-A5E6-61A617AB8CDC}
	EndGlobalSection
EndGlobal
